PODS:
  - LDOLayoutTemplates (0.9.3)

DEPENDENCIES:
  - LDOLayoutTemplates (from `../`)

EXTERNAL SOURCES:
  LDOLayoutTemplates:
    :path: "../"

SPEC CHECKSUMS:
  LDOLayoutTemplates: ba93b29a23ecfcf23adb547133f35520e37526d2

PODFILE CHECKSUM: c5a61fcee3beab75557b980920605bdb3c80e814

COCOAPODS: 1.5.0
