PODS:
  - LDOLayoutTemplates (0.9.0)

DEPENDENCIES:
  - LDOLayoutTemplates (from `../`)

EXTERNAL SOURCES:
  LDOLayoutTemplates:
    :path: "../"

SPEC CHECKSUMS:
  LDOLayoutTemplates: a042b7e1154e3e09cfffa4889f759c98c930ed02

PODFILE CHECKSUM: a0e311a706579a6c0087d79c69ac3b9d48bac3e2

COCOAPODS: 1.2.1
