PODS:
  - LDOLayoutTemplates (0.1.0)

DEPENDENCIES:
  - LDOLayoutTemplates (from `../`)

EXTERNAL SOURCES:
  LDOLayoutTemplates:
    :path: "../"

SPEC CHECKSUMS:
  LDOLayoutTemplates: 3cc31e194b7ef2f2c506c0650e9816b82daebd86

PODFILE CHECKSUM: 0cbed56c23fd478e467be2a9cf37ec78dd4dcd0f

COCOAPODS: 1.2.1
